
Microsoft Visual Studio Solution File, Format Version 12.00
# Visual Studio Version 16
VisualStudioVersion = 16.0.29009.5
MinimumVisualStudioVersion = 10.0.40219.1
Project("{FAE04EC0-301F-11D3-BF4B-00C04F79EFBC}") = "KK数据库管理软件", "KK数据库管理软件\KK数据库管理软件.csproj", "{4D51BD65-22FD-4D1F-80E2-C9A136F1CFF8}"
EndProject
Project("{54435603-DBB4-11D2-8724-00A0C9A8B90C}") = "KK_DMS", "KK_DMS\KK_DMS.vdproj", "{CA04E981-F2D6-4D47-A01B-0F33D9093981}"
EndProject
Global
	GlobalSection(SolutionConfigurationPlatforms) = preSolution
		Debug|Any CPU = Debug|Any CPU
		Debug|x86 = Debug|x86
		Release|Any CPU = Release|Any CPU
		Release|x86 = Release|x86
	EndGlobalSection
	GlobalSection(ProjectConfigurationPlatforms) = postSolution
		{4D51BD65-22FD-4D1F-80E2-C9A136F1CFF8}.Debug|Any CPU.ActiveCfg = Debug|Any CPU
		{4D51BD65-22FD-4D1F-80E2-C9A136F1CFF8}.Debug|Any CPU.Build.0 = Debug|Any CPU
		{4D51BD65-22FD-4D1F-80E2-C9A136F1CFF8}.Debug|x86.ActiveCfg = Debug|Any CPU
		{4D51BD65-22FD-4D1F-80E2-C9A136F1CFF8}.Debug|x86.Build.0 = Debug|Any CPU
		{4D51BD65-22FD-4D1F-80E2-C9A136F1CFF8}.Release|Any CPU.ActiveCfg = Release|Any CPU
		{4D51BD65-22FD-4D1F-80E2-C9A136F1CFF8}.Release|Any CPU.Build.0 = Release|Any CPU
		{4D51BD65-22FD-4D1F-80E2-C9A136F1CFF8}.Release|x86.ActiveCfg = Release|Any CPU
		{4D51BD65-22FD-4D1F-80E2-C9A136F1CFF8}.Release|x86.Build.0 = Release|Any CPU
		{CA04E981-F2D6-4D47-A01B-0F33D9093981}.Debug|Any CPU.ActiveCfg = Release
		{CA04E981-F2D6-4D47-A01B-0F33D9093981}.Debug|x86.ActiveCfg = Debug
		{CA04E981-F2D6-4D47-A01B-0F33D9093981}.Release|Any CPU.ActiveCfg = Release
		{CA04E981-F2D6-4D47-A01B-0F33D9093981}.Release|x86.ActiveCfg = Release
	EndGlobalSection
	GlobalSection(SolutionProperties) = preSolution
		HideSolutionNode = FALSE
	EndGlobalSection
	GlobalSection(ExtensibilityGlobals) = postSolution
		SolutionGuid = {E6E54B4B-F090-474D-AF99-D3BF860A4991}
	EndGlobalSection
EndGlobal
